
Microsoft Visual Studio Solution File, Format Version 12.00
# Visual Studio Version 17
VisualStudioVersion = 17.12.35514.174 d17.12
MinimumVisualStudioVersion = 10.0.40219.1
Project("{FAE04EC0-301F-11D3-BF4B-00C04F79EFBC}") = "proyecWEB.Backend", "proyecWEB.Backend\proyecWEB.Backend.csproj", "{A3FF5E49-1CE3-409E-9FF4-BFB4834372F9}"
EndProject
Project("{FAE04EC0-301F-11D3-BF4B-00C04F79EFBC}") = "proyecWEB.Shared", "proyecWEB.Shared\proyecWEB.Shared.csproj", "{00B65A85-AAA4-407F-86ED-D5C7B3304587}"
EndProject
Global
	GlobalSection(SolutionConfigurationPlatforms) = preSolution
		Debug|Any CPU = Debug|Any CPU
		Release|Any CPU = Release|Any CPU
	EndGlobalSection
	GlobalSection(ProjectConfigurationPlatforms) = postSolution
		{A3FF5E49-1CE3-409E-9FF4-BFB4834372F9}.Debug|Any CPU.ActiveCfg = Debug|Any CPU
		{A3FF5E49-1CE3-409E-9FF4-BFB4834372F9}.Debug|Any CPU.Build.0 = Debug|Any CPU
		{A3FF5E49-1CE3-409E-9FF4-BFB4834372F9}.Release|Any CPU.ActiveCfg = Release|Any CPU
		{A3FF5E49-1CE3-409E-9FF4-BFB4834372F9}.Release|Any CPU.Build.0 = Release|Any CPU
		{00B65A85-AAA4-407F-86ED-D5C7B3304587}.Debug|Any CPU.ActiveCfg = Debug|Any CPU
		{00B65A85-AAA4-407F-86ED-D5C7B3304587}.Debug|Any CPU.Build.0 = Debug|Any CPU
		{00B65A85-AAA4-407F-86ED-D5C7B3304587}.Release|Any CPU.ActiveCfg = Release|Any CPU
		{00B65A85-AAA4-407F-86ED-D5C7B3304587}.Release|Any CPU.Build.0 = Release|Any CPU
	EndGlobalSection
	GlobalSection(SolutionProperties) = preSolution
		HideSolutionNode = FALSE
	EndGlobalSection
EndGlobal
